# This file was autogenerated by Stack.
# You should not edit this file by hand.
# For more information, please see the documentation at:
#   https://docs.haskellstack.org/en/stable/lock_files

packages: []
snapshots:
- completed:
    sha256: c92a0359aa608c8528e0a6a3f952e7b8501c7fac946b8b0e037125e1ab271423
    size: 590824
    url: https://raw.githubusercontent.com/commercialhaskell/stackage-snapshots/master/nightly/2022/5/31.yaml
  original: nightly-2022-05-31
